# This file is automatically @generated by Cargo.
# It is not intended for manual editing.
version = 4

[[package]]
name = "async-task"
version = "4.7.1"
source = "registry+https://github.com/rust-lang/crates.io-index"
checksum = "8b75356056920673b02621b35afd0f7dda9306d03c79a30f5c56c44cf256e3de"

[[package]]
name = "atomic"
version = "0.6.1"
source = "registry+https://github.com/rust-lang/crates.io-index"
checksum = "a89cbf775b137e9b968e67227ef7f775587cde3fd31b0d8599dbd0f598a48340"
dependencies = [
 "bytemuck",
]

[[package]]
name = "autocfg"
version = "1.5.0"
source = "registry+https://github.com/rust-lang/crates.io-index"
checksum = "c08606f8c3cbf4ce6ec8e28fb0014a2c086708fe954eaa885384a6165172e7e8"

[[package]]
name = "autons"
version = "0.1.0"
source = "registry+https://github.com/rust-lang/crates.io-index"
checksum = "a2631a428082dac5746685a3587815e0ca1f7462265b648ed8f512d75feac997"
dependencies = [
 "vex-sdk",
 "vexide",
]

[[package]]
name = "az"
version = "1.2.1"
source = "registry+https://github.com/rust-lang/crates.io-index"
checksum = "7b7e4c2464d97fe331d41de9d5db0def0a96f4d823b8b32a2efd503578988973"

[[package]]
name = "bitflags"
version = "2.9.4"
source = "registry+https://github.com/rust-lang/crates.io-index"
checksum = "2261d10cca569e4643e526d8dc2e62e433cc8aba21ab764233731f8d369bf394"

[[package]]
name = "bytemuck"
version = "1.24.0"
source = "registry+https://github.com/rust-lang/crates.io-index"
checksum = "1fbdf580320f38b612e485521afda1ee26d10cc9884efaaa750d383e13e3c5f4"
dependencies = [
 "bytemuck_derive",
]

[[package]]
name = "bytemuck_derive"
version = "1.10.2"
source = "registry+https://github.com/rust-lang/crates.io-index"
checksum = "f9abbd1bc6865053c427f7198e6af43bfdedc55ab791faed4fbd361d789575ff"
dependencies = [
 "proc-macro2",
 "quote",
 "syn",
]

[[package]]
name = "byteorder"
version = "1.5.0"
source = "registry+https://github.com/rust-lang/crates.io-index"
checksum = "1fd0f2584146f6f2ef48085050886acf353beff7305ebd1ae69500e27c67f64b"

[[package]]
name = "bytes"
version = "1.10.1"
source = "registry+https://github.com/rust-lang/crates.io-index"
checksum = "d71b6127be86fdcfddb610f7182ac57211d4b18a3e9c82eb2d17662f2227ad6a"

[[package]]
name = "cobs"
version = "0.4.0"
source = "registry+https://github.com/rust-lang/crates.io-index"
checksum = "fea6d1b751c55bd9c0dda7d4ff752074e98f4765ae969664648bd193bb326d15"
dependencies = [
 "thiserror",
]

[[package]]
name = "compile-time"
version = "0.2.0"
source = "registry+https://github.com/rust-lang/crates.io-index"
checksum = "e55ede5279d4d7c528906853743abeb26353ae1e6c440fcd6d18316c2c2dd903"
dependencies = [
 "once_cell",
 "proc-macro2",
 "quote",
 "rustc_version",
 "semver",
 "time",
]

[[package]]
name = "coprocessor"
version = "0.1.0"
dependencies = [
 "atomic",
 "bytemuck",
 "bytemuck_derive",
 "bytes",
 "cobs",
 "nom",
 "shrewnit",
 "vexide",
]

[[package]]
name = "deranged"
version = "0.5.4"
source = "registry+https://github.com/rust-lang/crates.io-index"
checksum = "a41953f86f8a05768a6cda24def994fd2f424b04ec5c719cf89989779f199071"
dependencies = [
 "powerfmt",
]

[[package]]
name = "display"
version = "0.1.0"
dependencies = [
 "autons",
 "embedded-graphics",
 "embedded-text",
 "u8g2-fonts",
 "vexide",
 "vexide-embedded-graphics",
]

[[package]]
name = "embedded-graphics"
version = "0.8.1"
source = "registry+https://github.com/rust-lang/crates.io-index"
checksum = "0649998afacf6d575d126d83e68b78c0ab0e00ca2ac7e9b3db11b4cbe8274ef0"
dependencies = [
 "az",
 "byteorder",
 "embedded-graphics-core",
 "float-cmp",
 "micromath",
]

[[package]]
name = "embedded-graphics-core"
version = "0.4.0"
source = "registry+https://github.com/rust-lang/crates.io-index"
checksum = "ba9ecd261f991856250d2207f6d8376946cd9f412a2165d3b75bc87a0bc7a044"
dependencies = [
 "az",
 "byteorder",
]

[[package]]
name = "embedded-io"
version = "0.6.1"
source = "registry+https://github.com/rust-lang/crates.io-index"
checksum = "edd0f118536f44f5ccd48bcb8b111bdc3de888b58c74639dfb034a357d0f206d"

[[package]]
name = "embedded-io-async"
version = "0.6.1"
source = "registry+https://github.com/rust-lang/crates.io-index"
checksum = "3ff09972d4073aa8c299395be75161d582e7629cd663171d62af73c8d50dba3f"
dependencies = [
 "embedded-io",
]

[[package]]
name = "embedded-text"
version = "0.7.3"
source = "registry+https://github.com/rust-lang/crates.io-index"
checksum = "6cf5c72c52db2f7dbe4a9c1ed81cd21301e8d66311b194fa41c04fb4f71843ba"
dependencies = [
 "az",
 "embedded-graphics",
 "object-chain",
]

[[package]]
name = "evian"
version = "0.3.0-rc.1"
source = "git+https://github.com/vexide/evian.git#dddedae20dc0767bb926130609c683158a636a4b"
dependencies = [
 "evian-control",
 "evian-drivetrain",
 "evian-math",
 "evian-motion",
 "evian-tracking",
]

[[package]]
name = "evian-control"
version = "0.0.1-rc.1"
source = "git+https://github.com/vexide/evian.git#dddedae20dc0767bb926130609c683158a636a4b"
dependencies = [
 "evian-math",
 "vexide",
]

[[package]]
name = "evian-drivetrain"
version = "0.0.1-rc.1"
source = "git+https://github.com/vexide/evian.git#dddedae20dc0767bb926130609c683158a636a4b"
dependencies = [
 "evian-math",
 "evian-tracking",
 "vexide",
]

[[package]]
name = "evian-math"
version = "0.0.1-rc.1"
source = "git+https://github.com/vexide/evian.git#dddedae20dc0767bb926130609c683158a636a4b"
dependencies = [
 "vexide",
]

[[package]]
name = "evian-motion"
version = "0.0.1-rc.1"
source = "git+https://github.com/vexide/evian.git#dddedae20dc0767bb926130609c683158a636a4b"
dependencies = [
 "evian-control",
 "evian-drivetrain",
 "evian-math",
 "evian-tracking",
 "vexide",
]

[[package]]
name = "evian-tracking"
version = "0.0.1-rc.1"
source = "git+https://github.com/vexide/evian.git#dddedae20dc0767bb926130609c683158a636a4b"
dependencies = [
 "evian-math",
 "vexide",
]

[[package]]
name = "float-cmp"
version = "0.9.0"
source = "registry+https://github.com/rust-lang/crates.io-index"
checksum = "98de4bbd547a563b716d8dfa9aad1cb19bfab00f4fa09a6a4ed21dbcf44ce9c4"
dependencies = [
 "num-traits",
]

[[package]]
name = "futures-core"
version = "0.3.31"
source = "registry+https://github.com/rust-lang/crates.io-index"
checksum = "05f29059c0c2090612e8d742178b0580d2dc940c837851ad723096f87af6663e"

[[package]]
name = "heck"
version = "0.5.0"
source = "registry+https://github.com/rust-lang/crates.io-index"
checksum = "2304e00983f87ffb38b55b444b5e3b60a884b5d30c0fca7d82fe33449bbe55ea"

[[package]]
name = "itoa"
version = "1.0.15"
source = "registry+https://github.com/rust-lang/crates.io-index"
checksum = "4a5f13b858c8d314ee3e8f639011f7ccefe71f97f96e50151fb991f267928e2c"

[[package]]
name = "libm"
version = "0.2.15"
source = "registry+https://github.com/rust-lang/crates.io-index"
checksum = "f9fbbcab51052fe104eb5e5d351cf728d30a5be1fe14d9be8a3b097481fb97de"

[[package]]
name = "lock_api"
version = "0.4.14"
source = "registry+https://github.com/rust-lang/crates.io-index"
checksum = "224399e74b87b5f3557511d98dff8b14089b3dadafcab6bb93eab67d3aace965"
dependencies = [
 "scopeguard",
]

[[package]]
name = "memchr"
version = "2.7.6"
source = "registry+https://github.com/rust-lang/crates.io-index"
checksum = "f52b00d39961fc5b2736ea853c9cc86238e165017a493d1d5c8eac6bdc4cc273"

[[package]]
name = "micromath"
version = "2.1.0"
source = "registry+https://github.com/rust-lang/crates.io-index"
checksum = "c3c8dda44ff03a2f238717214da50f65d5a53b45cd213a7370424ffdb6fae815"

[[package]]
name = "minios"
version = "0.1.0"
dependencies = [
 "bytes",
 "embedded-io-async",
 "noline",
 "vexide",
]

[[package]]
name = "mint"
version = "0.5.9"
source = "registry+https://github.com/rust-lang/crates.io-index"
checksum = "e53debba6bda7a793e5f99b8dacf19e626084f525f7829104ba9898f367d85ff"

[[package]]
name = "no_std_io"
version = "0.6.0"
source = "registry+https://github.com/rust-lang/crates.io-index"
checksum = "7fa5f306a6f2c01b4fd172f29bb46195b1764061bf926c75e96ff55df3178208"
dependencies = [
 "memchr",
]

[[package]]
name = "noline"
version = "0.5.1"
source = "registry+https://github.com/rust-lang/crates.io-index"
checksum = "8100b250810ea78c34882c7bc511ebf9ce8b284ef34486e23f2779b6a7e2e345"
dependencies = [
 "embedded-io",
 "embedded-io-async",
 "num_enum",
]

[[package]]
name = "nom"
version = "8.0.0"
source = "registry+https://github.com/rust-lang/crates.io-index"
checksum = "df9761775871bdef83bee530e60050f7e54b1105350d6884eb0fb4f46c2f9405"
dependencies = [
 "memchr",
]

[[package]]
name = "num-conv"
version = "0.1.0"
source = "registry+https://github.com/rust-lang/crates.io-index"
checksum = "51d515d32fb182ee37cda2ccdcb92950d6a3c2893aa280e540671c2cd0f3b1d9"

[[package]]
name = "num-traits"
version = "0.2.16"
source = "registry+https://github.com/rust-lang/crates.io-index"
checksum = "f30b0abd723be7e2ffca1272140fac1a2f084c77ec3e123c192b66af1ee9e6c2"
dependencies = [
 "autocfg",
]

[[package]]
name = "num_enum"
version = "0.7.5"
source = "registry+https://github.com/rust-lang/crates.io-index"
checksum = "b1207a7e20ad57b847bbddc6776b968420d38292bbfe2089accff5e19e82454c"
dependencies = [
 "num_enum_derive",
 "rustversion",
]

[[package]]
name = "num_enum_derive"
version = "0.7.5"
source = "registry+https://github.com/rust-lang/crates.io-index"
checksum = "ff32365de1b6743cb203b710788263c44a03de03802daf96092f2da4fe6ba4d7"
dependencies = [
 "proc-macro2",
 "quote",
 "syn",
]

[[package]]
name = "object-chain"
version = "0.1.3"
source = "registry+https://github.com/rust-lang/crates.io-index"
checksum = "41af26158b0f5530f7b79955006c2727cd23d0d8e7c3109dc316db0a919784dd"

[[package]]
name = "once_cell"
version = "1.21.3"
source = "registry+https://github.com/rust-lang/crates.io-index"
checksum = "42f5e15c9953c5e4ccceeb2e7382a716482c34515315f7b03532b8b4e8393d2d"

[[package]]
name = "ordgr-push-back"
version = "0.1.0"
dependencies = [
 "atomic",
 "cobs",
 "coprocessor",
 "display",
 "evian",
 "shrewnit",
 "vexide",
 "vexide-motorgroup",
]

[[package]]
name = "paste"
version = "1.0.15"
source = "registry+https://github.com/rust-lang/crates.io-index"
checksum = "57c0d7b74b563b49d38dae00a0c37d4d6de9b432382b2892f0574ddcae73fd0a"

[[package]]
name = "pin-project"
version = "1.1.10"
source = "registry+https://github.com/rust-lang/crates.io-index"
checksum = "677f1add503faace112b9f1373e43e9e054bfdd22ff1a63c1bc485eaec6a6a8a"
dependencies = [
 "pin-project-internal",
]

[[package]]
name = "pin-project-internal"
version = "1.1.10"
source = "registry+https://github.com/rust-lang/crates.io-index"
checksum = "6e918e4ff8c4549eb882f14b3a4bc8c8bc93de829416eacf579f1207a8fbf861"
dependencies = [
 "proc-macro2",
 "quote",
 "syn",
]

[[package]]
name = "powerfmt"
version = "0.2.0"
source = "registry+https://github.com/rust-lang/crates.io-index"
checksum = "439ee305def115ba05938db6eb1644ff94165c5ab5e9420d1c1bcedbba909391"

[[package]]
name = "proc-macro2"
version = "1.0.101"
source = "registry+https://github.com/rust-lang/crates.io-index"
checksum = "89ae43fd86e4158d6db51ad8e2b80f313af9cc74f5c0e03ccb87de09998732de"
dependencies = [
 "unicode-ident",
]

[[package]]
name = "quote"
version = "1.0.41"
source = "registry+https://github.com/rust-lang/crates.io-index"
checksum = "ce25767e7b499d1b604768e7cde645d14cc8584231ea6b295e9c9eb22c02e1d1"
dependencies = [
 "proc-macro2",
]

[[package]]
name = "replace_with"
version = "0.1.8"
source = "registry+https://github.com/rust-lang/crates.io-index"
checksum = "51743d3e274e2b18df81c4dc6caf8a5b8e15dbe799e0dca05c7617380094e884"

[[package]]
name = "rgb"
version = "0.8.52"
source = "registry+https://github.com/rust-lang/crates.io-index"
checksum = "0c6a884d2998352bb4daf0183589aec883f16a6da1f4dde84d8e2e9a5409a1ce"
dependencies = [
 "bytemuck",
]

[[package]]
name = "rustc_version"
version = "0.4.1"
source = "registry+https://github.com/rust-lang/crates.io-index"
checksum = "cfcb3a22ef46e85b45de6ee7e79d063319ebb6594faafcf1c225ea92ab6e9b92"
dependencies = [
 "semver",
]

[[package]]
name = "rustversion"
version = "1.0.22"
source = "registry+https://github.com/rust-lang/crates.io-index"
checksum = "b39cdef0fa800fc44525c84ccb54a029961a8215f9619753635a9c0d2538d46d"

[[package]]
name = "scopeguard"
version = "1.2.0"
source = "registry+https://github.com/rust-lang/crates.io-index"
checksum = "94143f37725109f92c262ed2cf5e59bce7498c01bcc1502d7b9afe439a4e9f49"

[[package]]
name = "semver"
version = "1.0.27"
source = "registry+https://github.com/rust-lang/crates.io-index"
checksum = "d767eb0aabc880b29956c35734170f26ed551a859dbd361d140cdbeca61ab1e2"

[[package]]
name = "serde"
version = "1.0.228"
source = "registry+https://github.com/rust-lang/crates.io-index"
checksum = "9a8e94ea7f378bd32cbbd37198a4a91436180c5bb472411e48b5ec2e2124ae9e"
dependencies = [
 "serde_core",
]

[[package]]
name = "serde_core"
version = "1.0.228"
source = "registry+https://github.com/rust-lang/crates.io-index"
checksum = "41d385c7d4ca58e59fc732af25c3983b67ac852c1a25000afe1175de458b67ad"
dependencies = [
 "serde_derive",
]

[[package]]
name = "serde_derive"
version = "1.0.228"
source = "registry+https://github.com/rust-lang/crates.io-index"
checksum = "d540f220d3187173da220f885ab66608367b6574e925011a9353e4badda91d79"
dependencies = [
 "proc-macro2",
 "quote",
 "syn",
]

[[package]]
name = "shrewnit"
version = "0.2.1"
source = "git+https://github.com/Gavin-Niederman/shrewnit.git?rev=73617f18d1faf79ffed097d1fc7ef0e1ae8663de#73617f18d1faf79ffed097d1fc7ef0e1ae8663de"
dependencies = [
 "num-traits",
 "paste",
]

[[package]]
name = "snafu"
version = "0.8.9"
source = "registry+https://github.com/rust-lang/crates.io-index"
checksum = "6e84b3f4eacbf3a1ce05eac6763b4d629d60cbc94d632e4092c54ade71f1e1a2"
dependencies = [
 "snafu-derive",
]

[[package]]
name = "snafu-derive"
version = "0.8.9"
source = "registry+https://github.com/rust-lang/crates.io-index"
checksum = "c1c97747dbf44bb1ca44a561ece23508e99cb592e862f22222dcf42f51d1e451"
dependencies = [
 "heck",
 "proc-macro2",
 "quote",
 "syn",
]

[[package]]
name = "syn"
version = "2.0.106"
source = "registry+https://github.com/rust-lang/crates.io-index"
checksum = "ede7c438028d4436d71104916910f5bb611972c5cfd7f89b8300a8186e6fada6"
dependencies = [
 "proc-macro2",
 "quote",
 "unicode-ident",
]

[[package]]
name = "talc"
version = "4.4.3"
source = "registry+https://github.com/rust-lang/crates.io-index"
checksum = "a3ae828aa394de34c7de08f522d1b86bd1c182c668d27da69caadda00590f26d"
dependencies = [
 "lock_api",
]

[[package]]
name = "thiserror"
version = "2.0.17"
source = "registry+https://github.com/rust-lang/crates.io-index"
checksum = "f63587ca0f12b72a0600bcba1d40081f830876000bb46dd2337a3051618f4fc8"
dependencies = [
 "thiserror-impl",
]

[[package]]
name = "thiserror-impl"
version = "2.0.17"
source = "registry+https://github.com/rust-lang/crates.io-index"
checksum = "3ff15c8ecd7de3849db632e14d18d2571fa09dfc5ed93479bc4485c7a517c913"
dependencies = [
 "proc-macro2",
 "quote",
 "syn",
]

[[package]]
name = "time"
version = "0.3.44"
source = "registry+https://github.com/rust-lang/crates.io-index"
checksum = "91e7d9e3bb61134e77bde20dd4825b97c010155709965fedf0f49bb138e52a9d"
dependencies = [
 "deranged",
 "itoa",
 "num-conv",
 "powerfmt",
 "serde",
 "time-core",
 "time-macros",
]

[[package]]
name = "time-core"
version = "0.1.6"
source = "registry+https://github.com/rust-lang/crates.io-index"
checksum = "40868e7c1d2f0b8d73e4a8c7f0ff63af4f6d19be117e90bd73eb1d62cf831c6b"

[[package]]
name = "time-macros"
version = "0.2.24"
source = "registry+https://github.com/rust-lang/crates.io-index"
checksum = "30cfb0125f12d9c277f35663a0a33f8c30190f4e4574868a330595412d34ebf3"
dependencies = [
 "num-conv",
 "time-core",
]

[[package]]
name = "u8g2-fonts"
version = "0.7.2"
source = "registry+https://github.com/rust-lang/crates.io-index"
checksum = "825f57be1429fd60f335a4aade11e128a7ae4f89d75ca3a003cb8410a91093f7"
dependencies = [
 "embedded-graphics",
 "embedded-graphics-core",
]

[[package]]
name = "unicode-ident"
version = "1.0.19"
source = "registry+https://github.com/rust-lang/crates.io-index"
checksum = "f63a545481291138910575129486daeaf8ac54aee4387fe7906919f7830c7d9d"

[[package]]
name = "vex-libunwind"
version = "0.1.0"
source = "registry+https://github.com/rust-lang/crates.io-index"
checksum = "8a93b1794031a6ec542ca31c3c19ee54a1c7ad78bad188577d75452d2f344780"
dependencies = [
 "snafu",
 "vex-libunwind-sys",
]

[[package]]
name = "vex-libunwind-sys"
version = "0.1.0"
source = "registry+https://github.com/rust-lang/crates.io-index"
checksum = "1eddc26a00312b0b53ee4df6574e4c09488c89361d3beb6f4cbe75267af32f50"

[[package]]
name = "vex-sdk"
version = "0.26.0"
source = "registry+https://github.com/rust-lang/crates.io-index"
checksum = "be1b586dd8546706564cf20c94bae51c8f9e4891d70360d3fb63d563350df3d1"

[[package]]
name = "vexide"
version = "0.7.0"
source = "registry+https://github.com/rust-lang/crates.io-index"
checksum = "537cb5a5a3fc8ff54b611fcbdcb9fb66f0d5e7d96746c5c91d212a09d48bda97"
dependencies = [
 "vex-sdk",
 "vexide-async",
 "vexide-core",
 "vexide-devices",
 "vexide-macro",
 "vexide-panic",
 "vexide-startup",
]

[[package]]
name = "vexide-async"
version = "0.1.9"
source = "registry+https://github.com/rust-lang/crates.io-index"
checksum = "9f18212c1cf2587633f8189e671875ee7cd4a6bff57aa15bfe43f722c6b78363"
dependencies = [
 "async-task",
 "vex-sdk",
 "vexide-core",
 "waker-fn",
]

[[package]]
name = "vexide-core"
version = "0.7.0"
source = "registry+https://github.com/rust-lang/crates.io-index"
checksum = "b286389834deb4db81e0775a352465f2d2a84d15c5a3d1991bb5cd03c2e6a482"
dependencies = [
 "bitflags",
 "futures-core",
 "libm",
 "lock_api",
 "no_std_io",
 "pin-project",
 "replace_with",
 "snafu",
 "talc",
 "vex-libunwind",
 "vex-sdk",
]

[[package]]
name = "vexide-devices"
version = "0.7.0"
source = "registry+https://github.com/rust-lang/crates.io-index"
checksum = "1efe5b3781a08e3c598ba0072af1a780f3c1db8293e32793084c8ff8459506d9"
dependencies = [
 "bitflags",
 "mint",
 "no_std_io",
 "rgb",
 "snafu",
 "vex-sdk",
 "vexide-core",
]

[[package]]
name = "vexide-embedded-graphics"
version = "0.1.0"
source = "git+https://github.com/vexide/vexide-embedded-graphics.git?rev=014559a70eea8f077a41bbef59885e4641709cee#014559a70eea8f077a41bbef59885e4641709cee"
dependencies = [
 "embedded-graphics-core",
 "vex-sdk",
 "vexide",
]

[[package]]
name = "vexide-macro"
version = "0.3.2"
source = "registry+https://github.com/rust-lang/crates.io-index"
checksum = "a5e9ddc4a9da4ff280e16026a20180b760587df18edc4f90dd8616aca2b591da"
dependencies = [
 "proc-macro2",
 "quote",
 "syn",
]

[[package]]
name = "vexide-motorgroup"
version = "2.1.0"
source = "registry+https://github.com/rust-lang/crates.io-index"
checksum = "483b67e6aa671b9494fed6b6fafd031c88250fffd1278774bbd24d449c08d1f4"
dependencies = [
 "vexide",
]

[[package]]
name = "vexide-panic"
version = "0.1.9"
source = "registry+https://github.com/rust-lang/crates.io-index"
checksum = "5af737b3258416d4c1da69f4977e70d00c15d6115af480614b87a22f3896664b"
dependencies = [
 "snafu",
 "vex-sdk",
 "vexide-core",
 "vexide-devices",
]

[[package]]
name = "vexide-startup"
version = "0.4.2"
source = "registry+https://github.com/rust-lang/crates.io-index"
checksum = "7092780a3eff1b3359bef8d1f4163e81df8d3614c8dc784809730a0e8ca42f3f"
dependencies = [
 "bitflags",
 "compile-time",
 "vex-sdk",
 "vexide-core",
]

[[package]]
name = "waker-fn"
version = "1.2.0"
source = "registry+https://github.com/rust-lang/crates.io-index"
checksum = "317211a0dc0ceedd78fb2ca9a44aed3d7b9b26f81870d485c07122b4350673b7"
